
Microsoft Visual Studio Solution File, Format Version 12.00
# Visual Studio Version 17
VisualStudioVersion = 17.9.34616.47
MinimumVisualStudioVersion = 10.0.40219.1
Project("{FAE04EC0-301F-11D3-BF4B-00C04F79EFBC}") = "CSharp14_Dilagate_D_20_03", "CSharp14_Dilagate_D_20_03\CSharp14_Dilagate_D_20_03.csproj", "{8BFD86DF-D7E4-4D75-8F03-FA8B561875B2}"
EndProject
Global
	GlobalSection(SolutionConfigurationPlatforms) = preSolution
		Debug|Any CPU = Debug|Any CPU
		Release|Any CPU = Release|Any CPU
	EndGlobalSection
	GlobalSection(ProjectConfigurationPlatforms) = postSolution
		{8BFD86DF-D7E4-4D75-8F03-FA8B561875B2}.Debug|Any CPU.ActiveCfg = Debug|Any CPU
		{8BFD86DF-D7E4-4D75-8F03-FA8B561875B2}.Debug|Any CPU.Build.0 = Debug|Any CPU
		{8BFD86DF-D7E4-4D75-8F03-FA8B561875B2}.Release|Any CPU.ActiveCfg = Release|Any CPU
		{8BFD86DF-D7E4-4D75-8F03-FA8B561875B2}.Release|Any CPU.Build.0 = Release|Any CPU
	EndGlobalSection
	GlobalSection(SolutionProperties) = preSolution
		HideSolutionNode = FALSE
	EndGlobalSection
	GlobalSection(ExtensibilityGlobals) = postSolution
		SolutionGuid = {52CDC355-3BFD-4FC5-9E15-92DC26BD40F1}
	EndGlobalSection
EndGlobal
